{
  "name": "5_packageglobal",
  "version": "1.0.0",
  "lockfileVersion": 2,
  "requires": true,
  "packages": {
    "": {
      "name": "5_packageglobal",
      "version": "1.0.0",
      "license": "ISC"
    },
    "../../../../../../AppData/Roaming/npm/node_modules/lodash": {
      "version": "4.17.21",
      "extraneous": true,
      "license": "MIT"
    }
  }
}
